{
  "name": "ufg",
  "version": "1.0.0",
  "lockfileVersion": 2,
  "requires": true,
  "packages": {
    "": {
      "name": "ufg",
      "version": "1.0.0",
      "license": "ISC",
      "dependencies": {
        "@petamoriken/float16": "^3.4.7"
      }
    },
    "node_modules/@petamoriken/float16": {
      "version": "3.4.7",
      "resolved": "https://registry.npmjs.org/@petamoriken/float16/-/float16-3.4.7.tgz",
      "integrity": "sha512-Mir0MAKxg5v6BUIg9SI5VAyrIa/3uptf7aPyvPhHNh0RMYMevrWbaLrsVSZ1f92C39hWd8v7GrjvvOT+WG5VUQ=="
    }
  },
  "dependencies": {
    "@petamoriken/float16": {
      "version": "3.4.7",
      "resolved": "https://registry.npmjs.org/@petamoriken/float16/-/float16-3.4.7.tgz",
      "integrity": "sha512-Mir0MAKxg5v6BUIg9SI5VAyrIa/3uptf7aPyvPhHNh0RMYMevrWbaLrsVSZ1f92C39hWd8v7GrjvvOT+WG5VUQ=="
    }
  }
}
